
Microsoft Visual Studio Solution File, Format Version 12.00
# Visual Studio Version 17
VisualStudioVersion = 17.10.34607.79
MinimumVisualStudioVersion = 10.0.40219.1
Project("{FAE04EC0-301F-11D3-BF4B-00C04F79EFBC}") = "TP SecretEspion", "TP SecretEspion\TP SecretEspion.csproj", "{BB1E6BCE-3C11-4630-AFF8-5B12430606EB}"
EndProject
Global
	GlobalSection(SolutionConfigurationPlatforms) = preSolution
		Debug|Any CPU = Debug|Any CPU
		Release|Any CPU = Release|Any CPU
	EndGlobalSection
	GlobalSection(ProjectConfigurationPlatforms) = postSolution
		{BB1E6BCE-3C11-4630-AFF8-5B12430606EB}.Debug|Any CPU.ActiveCfg = Debug|Any CPU
		{BB1E6BCE-3C11-4630-AFF8-5B12430606EB}.Debug|Any CPU.Build.0 = Debug|Any CPU
		{BB1E6BCE-3C11-4630-AFF8-5B12430606EB}.Release|Any CPU.ActiveCfg = Release|Any CPU
		{BB1E6BCE-3C11-4630-AFF8-5B12430606EB}.Release|Any CPU.Build.0 = Release|Any CPU
	EndGlobalSection
	GlobalSection(SolutionProperties) = preSolution
		HideSolutionNode = FALSE
	EndGlobalSection
	GlobalSection(ExtensibilityGlobals) = postSolution
		SolutionGuid = {97B8271B-6A8E-4B29-9974-1A7340AA9424}
	EndGlobalSection
EndGlobal
