
Microsoft Visual Studio Solution File, Format Version 12.00
# Visual Studio Version 17
VisualStudioVersion = 17.10.34607.79
MinimumVisualStudioVersion = 10.0.40219.1
Project("{9A19103F-16F7-4668-BE54-9A1E7A4F7556}") = "Rossetto.RG.Dal", "Rossetto.RG.Dal\Rossetto.RG.Dal.csproj", "{73F4D8D8-17AA-4048-9712-324F28EEFF74}"
EndProject
Project("{FAE04EC0-301F-11D3-BF4B-00C04F79EFBC}") = "Rossetto.RG.Cli", "Rossetto.RG.Cli\Rossetto.RG.Cli.csproj", "{0B66C15E-96FD-4C96-84AB-B86CC462DB6A}"
EndProject
Project("{FAE04EC0-301F-11D3-BF4B-00C04F79EFBC}") = "Rossetto.RG.DalTests", "Rossetto.RG.DalTests\Rossetto.RG.DalTests.csproj", "{1EB4A618-1D9F-4930-BE41-F2DF75C650F0}"
EndProject
Global
	GlobalSection(SolutionConfigurationPlatforms) = preSolution
		Debug|Any CPU = Debug|Any CPU
		Release|Any CPU = Release|Any CPU
	EndGlobalSection
	GlobalSection(ProjectConfigurationPlatforms) = postSolution
		{73F4D8D8-17AA-4048-9712-324F28EEFF74}.Debug|Any CPU.ActiveCfg = Debug|Any CPU
		{73F4D8D8-17AA-4048-9712-324F28EEFF74}.Debug|Any CPU.Build.0 = Debug|Any CPU
		{73F4D8D8-17AA-4048-9712-324F28EEFF74}.Release|Any CPU.ActiveCfg = Release|Any CPU
		{73F4D8D8-17AA-4048-9712-324F28EEFF74}.Release|Any CPU.Build.0 = Release|Any CPU
		{0B66C15E-96FD-4C96-84AB-B86CC462DB6A}.Debug|Any CPU.ActiveCfg = Debug|Any CPU
		{0B66C15E-96FD-4C96-84AB-B86CC462DB6A}.Debug|Any CPU.Build.0 = Debug|Any CPU
		{0B66C15E-96FD-4C96-84AB-B86CC462DB6A}.Release|Any CPU.ActiveCfg = Release|Any CPU
		{0B66C15E-96FD-4C96-84AB-B86CC462DB6A}.Release|Any CPU.Build.0 = Release|Any CPU
		{1EB4A618-1D9F-4930-BE41-F2DF75C650F0}.Debug|Any CPU.ActiveCfg = Debug|Any CPU
		{1EB4A618-1D9F-4930-BE41-F2DF75C650F0}.Debug|Any CPU.Build.0 = Debug|Any CPU
		{1EB4A618-1D9F-4930-BE41-F2DF75C650F0}.Release|Any CPU.ActiveCfg = Release|Any CPU
		{1EB4A618-1D9F-4930-BE41-F2DF75C650F0}.Release|Any CPU.Build.0 = Release|Any CPU
	EndGlobalSection
	GlobalSection(SolutionProperties) = preSolution
		HideSolutionNode = FALSE
	EndGlobalSection
	GlobalSection(ExtensibilityGlobals) = postSolution
		SolutionGuid = {97B8271B-6A8E-4B29-9974-1A7340AA9424}
	EndGlobalSection
EndGlobal
